// !$*UTF8*$!
{
	archiveVersion = 1;
	classes = {
	};
	objectVersion = 50;
	objects = {

/* Begin PBXBuildFile section */
		29F6FBA52329188500D1BD73 /* libAppCore.a in Frameworks */ = {isa = PBXBuildFile; fileRef = 29F6FBA42329188500D1BD73 /* libAppCore.a */; };
		4A2954A32F622E8E98C2AB74 /* Pods_MultiFramework_Todo.framework in Frameworks */ = {isa = PBXBuildFile; fileRef = E57F4E0E873DE2AFF9677FC2 /* Pods_MultiFramework_Todo.framework */; };
		4D3A0389232A956C00410C70 /* AppEnvironment+AppConfigProvider.swift in Sources */ = {isa = PBXBuildFile; fileRef = 4D3A0388232A956C00410C70 /* AppEnvironment+AppConfigProvider.swift */; };
		4D3A038B232A9D5600410C70 /* AppEnvironment+ViewControllerProvider.swift in Sources */ = {isa = PBXBuildFile; fileRef = 4D3A038A232A9D5600410C70 /* AppEnvironment+ViewControllerProvider.swift */; };
		4D4CF4222312339C008A1F02 /* AppDelegate.swift in Sources */ = {isa = PBXBuildFile; fileRef = 4D4CF4212312339C008A1F02 /* AppDelegate.swift */; };
		4D4CF4242312339C008A1F02 /* ViewController.swift in Sources */ = {isa = PBXBuildFile; fileRef = 4D4CF4232312339C008A1F02 /* ViewController.swift */; };
		4D4CF4272312339C008A1F02 /* Main.storyboard in Resources */ = {isa = PBXBuildFile; fileRef = 4D4CF4252312339C008A1F02 /* Main.storyboard */; };
		4D4CF4292312339E008A1F02 /* Assets.xcassets in Resources */ = {isa = PBXBuildFile; fileRef = 4D4CF4282312339E008A1F02 /* Assets.xcassets */; };
		4D4CF42C2312339E008A1F02 /* LaunchScreen.storyboard in Resources */ = {isa = PBXBuildFile; fileRef = 4D4CF42A2312339E008A1F02 /* LaunchScreen.storyboard */; };
		4D4CF4A423125A86008A1F02 /* libTodo.a in Frameworks */ = {isa = PBXBuildFile; fileRef = 4D4CF4A323125A86008A1F02 /* libTodo.a */; };
		4D8A973523361A4D00ED1C21 /* libTodoShow.a in Frameworks */ = {isa = PBXBuildFile; fileRef = 4D8A973423361A4D00ED1C21 /* libTodoShow.a */; };
/* End PBXBuildFile section */

/* Begin PBXFileReference section */
		29F6FBA42329188500D1BD73 /* libAppCore.a */ = {isa = PBXFileReference; explicitFileType = archive.ar; path = libAppCore.a; sourceTree = BUILT_PRODUCTS_DIR; };
		4D3A0388232A956C00410C70 /* AppEnvironment+AppConfigProvider.swift */ = {isa = PBXFileReference; lastKnownFileType = sourcecode.swift; path = "AppEnvironment+AppConfigProvider.swift"; sourceTree = "<group>"; };
		4D3A038A232A9D5600410C70 /* AppEnvironment+ViewControllerProvider.swift */ = {isa = PBXFileReference; lastKnownFileType = sourcecode.swift; path = "AppEnvironment+ViewControllerProvider.swift"; sourceTree = "<group>"; };
		4D4CF41E2312339C008A1F02 /* MultiFramework-Todo.app */ = {isa = PBXFileReference; explicitFileType = wrapper.application; includeInIndex = 0; path = "MultiFramework-Todo.app"; sourceTree = BUILT_PRODUCTS_DIR; };
		4D4CF4212312339C008A1F02 /* AppDelegate.swift */ = {isa = PBXFileReference; lastKnownFileType = sourcecode.swift; path = AppDelegate.swift; sourceTree = "<group>"; };
		4D4CF4232312339C008A1F02 /* ViewController.swift */ = {isa = PBXFileReference; lastKnownFileType = sourcecode.swift; path = ViewController.swift; sourceTree = "<group>"; };
		4D4CF4262312339C008A1F02 /* Base */ = {isa = PBXFileReference; lastKnownFileType = file.storyboard; name = Base; path = Base.lproj/Main.storyboard; sourceTree = "<group>"; };
		4D4CF4282312339E008A1F02 /* Assets.xcassets */ = {isa = PBXFileReference; lastKnownFileType = folder.assetcatalog; path = Assets.xcassets; sourceTree = "<group>"; };
		4D4CF42B2312339E008A1F02 /* Base */ = {isa = PBXFileReference; lastKnownFileType = file.storyboard; name = Base; path = Base.lproj/LaunchScreen.storyboard; sourceTree = "<group>"; };
		4D4CF42D2312339E008A1F02 /* Info.plist */ = {isa = PBXFileReference; lastKnownFileType = text.plist.xml; path = Info.plist; sourceTree = "<group>"; };
		4D4CF4A323125A86008A1F02 /* libTodo.a */ = {isa = PBXFileReference; explicitFileType = archive.ar; path = libTodo.a; sourceTree = BUILT_PRODUCTS_DIR; };
		4D8A973423361A4D00ED1C21 /* libTodoShow.a */ = {isa = PBXFileReference; explicitFileType = archive.ar; path = libTodoShow.a; sourceTree = BUILT_PRODUCTS_DIR; };
		866FCA49F8C978F4C51790E6 /* Pods-MultiFramework-Todo.debug.xcconfig */ = {isa = PBXFileReference; includeInIndex = 1; lastKnownFileType = text.xcconfig; name = "Pods-MultiFramework-Todo.debug.xcconfig"; path = "Target Support Files/Pods-MultiFramework-Todo/Pods-MultiFramework-Todo.debug.xcconfig"; sourceTree = "<group>"; };
		93FC8CC284A66C301707C38C /* Pods-MultiFramework-Todo.release.xcconfig */ = {isa = PBXFileReference; includeInIndex = 1; lastKnownFileType = text.xcconfig; name = "Pods-MultiFramework-Todo.release.xcconfig"; path = "Target Support Files/Pods-MultiFramework-Todo/Pods-MultiFramework-Todo.release.xcconfig"; sourceTree = "<group>"; };
		E57F4E0E873DE2AFF9677FC2 /* Pods_MultiFramework_Todo.framework */ = {isa = PBXFileReference; explicitFileType = wrapper.framework; includeInIndex = 0; path = Pods_MultiFramework_Todo.framework; sourceTree = BUILT_PRODUCTS_DIR; };
/* End PBXFileReference section */

/* Begin PBXFrameworksBuildPhase section */
		4D4CF41B2312339C008A1F02 /* Frameworks */ = {
			isa = PBXFrameworksBuildPhase;
			buildActionMask = 2147483647;
			files = (
				4D8A973523361A4D00ED1C21 /* libTodoShow.a in Frameworks */,
				29F6FBA52329188500D1BD73 /* libAppCore.a in Frameworks */,
				4D4CF4A423125A86008A1F02 /* libTodo.a in Frameworks */,
				4A2954A32F622E8E98C2AB74 /* Pods_MultiFramework_Todo.framework in Frameworks */,
			);
			runOnlyForDeploymentPostprocessing = 0;
		};
/* End PBXFrameworksBuildPhase section */

/* Begin PBXGroup section */
		204C5835CAB02DF0B75D17BB /* Frameworks */ = {
			isa = PBXGroup;
			children = (
				4D8A973423361A4D00ED1C21 /* libTodoShow.a */,
				29F6FBA42329188500D1BD73 /* libAppCore.a */,
				4D4CF4A323125A86008A1F02 /* libTodo.a */,
				E57F4E0E873DE2AFF9677FC2 /* Pods_MultiFramework_Todo.framework */,
			);
			name = Frameworks;
			sourceTree = "<group>";
		};
		4D3A0387232A948E00410C70 /* AppEnvironment */ = {
			isa = PBXGroup;
			children = (
				4D3A0388232A956C00410C70 /* AppEnvironment+AppConfigProvider.swift */,
				4D3A038A232A9D5600410C70 /* AppEnvironment+ViewControllerProvider.swift */,
			);
			path = AppEnvironment;
			sourceTree = "<group>";
		};
		4D4CF4152312339C008A1F02 = {
			isa = PBXGroup;
			children = (
				4D4CF4202312339C008A1F02 /* MultiFramework-Todo */,
				4D4CF41F2312339C008A1F02 /* Products */,
				E79DFE81C6D72B0C975E4675 /* Pods */,
				204C5835CAB02DF0B75D17BB /* Frameworks */,
			);
			sourceTree = "<group>";
		};
		4D4CF41F2312339C008A1F02 /* Products */ = {
			isa = PBXGroup;
			children = (
				4D4CF41E2312339C008A1F02 /* MultiFramework-Todo.app */,
			);
			name = Products;
			sourceTree = "<group>";
		};
		4D4CF4202312339C008A1F02 /* MultiFramework-Todo */ = {
			isa = PBXGroup;
			children = (
				4D4CF4212312339C008A1F02 /* AppDelegate.swift */,
				4D4CF4232312339C008A1F02 /* ViewController.swift */,
				4D4CF4252312339C008A1F02 /* Main.storyboard */,
				4D4CF4282312339E008A1F02 /* Assets.xcassets */,
				4D4CF42A2312339E008A1F02 /* LaunchScreen.storyboard */,
				4D4CF42D2312339E008A1F02 /* Info.plist */,
				4D3A0387232A948E00410C70 /* AppEnvironment */,
			);
			path = "MultiFramework-Todo";
			sourceTree = "<group>";
		};
		E79DFE81C6D72B0C975E4675 /* Pods */ = {
			isa = PBXGroup;
			children = (
				866FCA49F8C978F4C51790E6 /* Pods-MultiFramework-Todo.debug.xcconfig */,
				93FC8CC284A66C301707C38C /* Pods-MultiFramework-Todo.release.xcconfig */,
			);
			path = Pods;
			sourceTree = "<group>";
		};
/* End PBXGroup section */

/* Begin PBXNativeTarget section */
		4D4CF41D2312339C008A1F02 /* MultiFramework-Todo */ = {
			isa = PBXNativeTarget;
			buildConfigurationList = 4D4CF4302312339E008A1F02 /* Build configuration list for PBXNativeTarget "MultiFramework-Todo" */;
			buildPhases = (
				7042C84AF681C8A6D1F1A995 /* [CP] Check Pods Manifest.lock */,
				4D4CF41A2312339C008A1F02 /* Sources */,
				4D4CF41B2312339C008A1F02 /* Frameworks */,
				4D4CF41C2312339C008A1F02 /* Resources */,
			);
			buildRules = (
			);
			dependencies = (
			);
			name = "MultiFramework-Todo";
			productName = "MultiFramework-Todo";
			productReference = 4D4CF41E2312339C008A1F02 /* MultiFramework-Todo.app */;
			productType = "com.apple.product-type.application";
		};
/* End PBXNativeTarget section */

/* Begin PBXProject section */
		4D4CF4162312339C008A1F02 /* Project object */ = {
			isa = PBXProject;
			attributes = {
				LastSwiftUpdateCheck = 1020;
				LastUpgradeCheck = 1020;
				ORGANIZATIONNAME = "Yamamura Ryoga";
				TargetAttributes = {
					4D4CF41D2312339C008A1F02 = {
						CreatedOnToolsVersion = 10.2.1;
					};
				};
			};
			buildConfigurationList = 4D4CF4192312339C008A1F02 /* Build configuration list for PBXProject "MultiFramework-Todo" */;
			compatibilityVersion = "Xcode 9.3";
			developmentRegion = en;
			hasScannedForEncodings = 0;
			knownRegions = (
				en,
				Base,
			);
			mainGroup = 4D4CF4152312339C008A1F02;
			productRefGroup = 4D4CF41F2312339C008A1F02 /* Products */;
			projectDirPath = "";
			projectRoot = "";
			targets = (
				4D4CF41D2312339C008A1F02 /* MultiFramework-Todo */,
			);
		};
/* End PBXProject section */

/* Begin PBXResourcesBuildPhase section */
		4D4CF41C2312339C008A1F02 /* Resources */ = {
			isa = PBXResourcesBuildPhase;
			buildActionMask = 2147483647;
			files = (
				4D4CF42C2312339E008A1F02 /* LaunchScreen.storyboard in Resources */,
				4D4CF4292312339E008A1F02 /* Assets.xcassets in Resources */,
				4D4CF4272312339C008A1F02 /* Main.storyboard in Resources */,
			);
			runOnlyForDeploymentPostprocessing = 0;
		};
/* End PBXResourcesBuildPhase section */

/* Begin PBXShellScriptBuildPhase section */
		7042C84AF681C8A6D1F1A995 /* [CP] Check Pods Manifest.lock */ = {
			isa = PBXShellScriptBuildPhase;
			buildActionMask = 2147483647;
			files = (
			);
			inputFileListPaths = (
			);
			inputPaths = (
				"${PODS_PODFILE_DIR_PATH}/Podfile.lock",
				"${PODS_ROOT}/Manifest.lock",
			);
			name = "[CP] Check Pods Manifest.lock";
			outputFileListPaths = (
			);
			outputPaths = (
				"$(DERIVED_FILE_DIR)/Pods-MultiFramework-Todo-checkManifestLockResult.txt",
			);
			runOnlyForDeploymentPostprocessing = 0;
			shellPath = /bin/sh;
			shellScript = "diff \"${PODS_PODFILE_DIR_PATH}/Podfile.lock\" \"${PODS_ROOT}/Manifest.lock\" > /dev/null\nif [ $? != 0 ] ; then\n    # print error to STDERR\n    echo \"error: The sandbox is not in sync with the Podfile.lock. Run 'pod install' or update your CocoaPods installation.\" >&2\n    exit 1\nfi\n# This output is used by Xcode 'outputs' to avoid re-running this script phase.\necho \"SUCCESS\" > \"${SCRIPT_OUTPUT_FILE_0}\"\n";
			showEnvVarsInLog = 0;
		};
/* End PBXShellScriptBuildPhase section */

/* Begin PBXSourcesBuildPhase section */
		4D4CF41A2312339C008A1F02 /* Sources */ = {
			isa = PBXSourcesBuildPhase;
			buildActionMask = 2147483647;
			files = (
				4D3A0389232A956C00410C70 /* AppEnvironment+AppConfigProvider.swift in Sources */,
				4D4CF4242312339C008A1F02 /* ViewController.swift in Sources */,
				4D4CF4222312339C008A1F02 /* AppDelegate.swift in Sources */,
				4D3A038B232A9D5600410C70 /* AppEnvironment+ViewControllerProvider.swift in Sources */,
			);
			runOnlyForDeploymentPostprocessing = 0;
		};
/* End PBXSourcesBuildPhase section */

/* Begin PBXVariantGroup section */
		4D4CF4252312339C008A1F02 /* Main.storyboard */ = {
			isa = PBXVariantGroup;
			children = (
				4D4CF4262312339C008A1F02 /* Base */,
			);
			name = Main.storyboard;
			sourceTree = "<group>";
		};
		4D4CF42A2312339E008A1F02 /* LaunchScreen.storyboard */ = {
			isa = PBXVariantGroup;
			children = (
				4D4CF42B2312339E008A1F02 /* Base */,
			);
			name = LaunchScreen.storyboard;
			sourceTree = "<group>";
		};
/* End PBXVariantGroup section */

/* Begin XCBuildConfiguration section */
		4D4CF42E2312339E008A1F02 /* Debug */ = {
			isa = XCBuildConfiguration;
			buildSettings = {
				ALWAYS_SEARCH_USER_PATHS = NO;
				CLANG_ANALYZER_NONNULL = YES;
				CLANG_ANALYZER_NUMBER_OBJECT_CONVERSION = YES_AGGRESSIVE;
				CLANG_CXX_LANGUAGE_STANDARD = "gnu++14";
				CLANG_CXX_LIBRARY = "libc++";
				CLANG_ENABLE_MODULES = YES;
				CLANG_ENABLE_OBJC_ARC = YES;
				CLANG_ENABLE_OBJC_WEAK = YES;
				CLANG_WARN_BLOCK_CAPTURE_AUTORELEASING = YES;
				CLANG_WARN_BOOL_CONVERSION = YES;
				CLANG_WARN_COMMA = YES;
				CLANG_WARN_CONSTANT_CONVERSION = YES;
				CLANG_WARN_DEPRECATED_OBJC_IMPLEMENTATIONS = YES;
				CLANG_WARN_DIRECT_OBJC_ISA_USAGE = YES_ERROR;
				CLANG_WARN_DOCUMENTATION_COMMENTS = YES;
				CLANG_WARN_EMPTY_BODY = YES;
				CLANG_WARN_ENUM_CONVERSION = YES;
				CLANG_WARN_INFINITE_RECURSION = YES;
				CLANG_WARN_INT_CONVERSION = YES;
				CLANG_WARN_NON_LITERAL_NULL_CONVERSION = YES;
				CLANG_WARN_OBJC_IMPLICIT_RETAIN_SELF = YES;
				CLANG_WARN_OBJC_LITERAL_CONVERSION = YES;
				CLANG_WARN_OBJC_ROOT_CLASS = YES_ERROR;
				CLANG_WARN_RANGE_LOOP_ANALYSIS = YES;
				CLANG_WARN_STRICT_PROTOTYPES = YES;
				CLANG_WARN_SUSPICIOUS_MOVE = YES;
				CLANG_WARN_UNGUARDED_AVAILABILITY = YES_AGGRESSIVE;
				CLANG_WARN_UNREACHABLE_CODE = YES;
				CLANG_WARN__DUPLICATE_METHOD_MATCH = YES;
				CODE_SIGN_IDENTITY = "iPhone Developer";
				COPY_PHASE_STRIP = NO;
				DEBUG_INFORMATION_FORMAT = dwarf;
				ENABLE_STRICT_OBJC_MSGSEND = YES;
				ENABLE_TESTABILITY = YES;
				GCC_C_LANGUAGE_STANDARD = gnu11;
				GCC_DYNAMIC_NO_PIC = NO;
				GCC_NO_COMMON_BLOCKS = YES;
				GCC_OPTIMIZATION_LEVEL = 0;
				GCC_PREPROCESSOR_DEFINITIONS = (
					"DEBUG=1",
					"$(inherited)",
				);
				GCC_WARN_64_TO_32_BIT_CONVERSION = YES;
				GCC_WARN_ABOUT_RETURN_TYPE = YES_ERROR;
				GCC_WARN_UNDECLARED_SELECTOR = YES;
				GCC_WARN_UNINITIALIZED_AUTOS = YES_AGGRESSIVE;
				GCC_WARN_UNUSED_FUNCTION = YES;
				GCC_WARN_UNUSED_VARIABLE = YES;
				IPHONEOS_DEPLOYMENT_TARGET = 12.0;
				MTL_ENABLE_DEBUG_INFO = INCLUDE_SOURCE;
				MTL_FAST_MATH = YES;
				ONLY_ACTIVE_ARCH = YES;
				SDKROOT = iphoneos;
				SWIFT_ACTIVE_COMPILATION_CONDITIONS = DEBUG;
				SWIFT_OPTIMIZATION_LEVEL = "-Onone";
			};
			name = Debug;
		};
		4D4CF42F2312339E008A1F02 /* Release */ = {
			isa = XCBuildConfiguration;
			buildSettings = {
				ALWAYS_SEARCH_USER_PATHS = NO;
				CLANG_ANALYZER_NONNULL = YES;
				CLANG_ANALYZER_NUMBER_OBJECT_CONVERSION = YES_AGGRESSIVE;
				CLANG_CXX_LANGUAGE_STANDARD = "gnu++14";
				CLANG_CXX_LIBRARY = "libc++";
				CLANG_ENABLE_MODULES = YES;
				CLANG_ENABLE_OBJC_ARC = YES;
				CLANG_ENABLE_OBJC_WEAK = YES;
				CLANG_WARN_BLOCK_CAPTURE_AUTORELEASING = YES;
				CLANG_WARN_BOOL_CONVERSION = YES;
				CLANG_WARN_COMMA = YES;
				CLANG_WARN_CONSTANT_CONVERSION = YES;
				CLANG_WARN_DEPRECATED_OBJC_IMPLEMENTATIONS = YES;
				CLANG_WARN_DIRECT_OBJC_ISA_USAGE = YES_ERROR;
				CLANG_WARN_DOCUMENTATION_COMMENTS = YES;
				CLANG_WARN_EMPTY_BODY = YES;
				CLANG_WARN_ENUM_CONVERSION = YES;
				CLANG_WARN_INFINITE_RECURSION = YES;
				CLANG_WARN_INT_CONVERSION = YES;
				CLANG_WARN_NON_LITERAL_NULL_CONVERSION = YES;
				CLANG_WARN_OBJC_IMPLICIT_RETAIN_SELF = YES;
				CLANG_WARN_OBJC_LITERAL_CONVERSION = YES;
				CLANG_WARN_OBJC_ROOT_CLASS = YES_ERROR;
				CLANG_WARN_RANGE_LOOP_ANALYSIS = YES;
				CLANG_WARN_STRICT_PROTOTYPES = YES;
				CLANG_WARN_SUSPICIOUS_MOVE = YES;
				CLANG_WARN_UNGUARDED_AVAILABILITY = YES_AGGRESSIVE;
				CLANG_WARN_UNREACHABLE_CODE = YES;
				CLANG_WARN__DUPLICATE_METHOD_MATCH = YES;
				CODE_SIGN_IDENTITY = "iPhone Developer";
				COPY_PHASE_STRIP = NO;
				DEBUG_INFORMATION_FORMAT = "dwarf-with-dsym";
				ENABLE_NS_ASSERTIONS = NO;
				ENABLE_STRICT_OBJC_MSGSEND = YES;
				GCC_C_LANGUAGE_STANDARD = gnu11;
				GCC_NO_COMMON_BLOCKS = YES;
				GCC_WARN_64_TO_32_BIT_CONVERSION = YES;
				GCC_WARN_ABOUT_RETURN_TYPE = YES_ERROR;
				GCC_WARN_UNDECLARED_SELECTOR = YES;
				GCC_WARN_UNINITIALIZED_AUTOS = YES_AGGRESSIVE;
				GCC_WARN_UNUSED_FUNCTION = YES;
				GCC_WARN_UNUSED_VARIABLE = YES;
				IPHONEOS_DEPLOYMENT_TARGET = 12.0;
				MTL_ENABLE_DEBUG_INFO = NO;
				MTL_FAST_MATH = YES;
				SDKROOT = iphoneos;
				SWIFT_COMPILATION_MODE = wholemodule;
				SWIFT_OPTIMIZATION_LEVEL = "-O";
				VALIDATE_PRODUCT = YES;
			};
			name = Release;
		};
		4D4CF4312312339E008A1F02 /* Debug */ = {
			isa = XCBuildConfiguration;
			baseConfigurationReference = 866FCA49F8C978F4C51790E6 /* Pods-MultiFramework-Todo.debug.xcconfig */;
			buildSettings = {
				ASSETCATALOG_COMPILER_APPICON_NAME = AppIcon;
				CODE_SIGN_STYLE = Automatic;
				DEVELOPMENT_TEAM = "";
				INFOPLIST_FILE = "MultiFramework-Todo/Info.plist";
				IPHONEOS_DEPLOYMENT_TARGET = 12.0;
				LD_RUNPATH_SEARCH_PATHS = (
					"$(inherited)",
					"@executable_path/Frameworks",
				);
				PRODUCT_BUNDLE_IDENTIFIER = "y.ryoga.MultiFramework-Todo";
				PRODUCT_NAME = "$(TARGET_NAME)";
				SWIFT_VERSION = 5.0;
				TARGETED_DEVICE_FAMILY = "1,2";
			};
			name = Debug;
		};
		4D4CF4322312339E008A1F02 /* Release */ = {
			isa = XCBuildConfiguration;
			baseConfigurationReference = 93FC8CC284A66C301707C38C /* Pods-MultiFramework-Todo.release.xcconfig */;
			buildSettings = {
				ASSETCATALOG_COMPILER_APPICON_NAME = AppIcon;
				CODE_SIGN_STYLE = Automatic;
				DEVELOPMENT_TEAM = "";
				INFOPLIST_FILE = "MultiFramework-Todo/Info.plist";
				IPHONEOS_DEPLOYMENT_TARGET = 12.0;
				LD_RUNPATH_SEARCH_PATHS = (
					"$(inherited)",
					"@executable_path/Frameworks",
				);
				PRODUCT_BUNDLE_IDENTIFIER = "y.ryoga.MultiFramework-Todo";
				PRODUCT_NAME = "$(TARGET_NAME)";
				SWIFT_VERSION = 5.0;
				TARGETED_DEVICE_FAMILY = "1,2";
			};
			name = Release;
		};
/* End XCBuildConfiguration section */

/* Begin XCConfigurationList section */
		4D4CF4192312339C008A1F02 /* Build configuration list for PBXProject "MultiFramework-Todo" */ = {
			isa = XCConfigurationList;
			buildConfigurations = (
				4D4CF42E2312339E008A1F02 /* Debug */,
				4D4CF42F2312339E008A1F02 /* Release */,
			);
			defaultConfigurationIsVisible = 0;
			defaultConfigurationName = Release;
		};
		4D4CF4302312339E008A1F02 /* Build configuration list for PBXNativeTarget "MultiFramework-Todo" */ = {
			isa = XCConfigurationList;
			buildConfigurations = (
				4D4CF4312312339E008A1F02 /* Debug */,
				4D4CF4322312339E008A1F02 /* Release */,
			);
			defaultConfigurationIsVisible = 0;
			defaultConfigurationName = Release;
		};
/* End XCConfigurationList section */
	};
	rootObject = 4D4CF4162312339C008A1F02 /* Project object */;
}
